# THIS IS AN AUTOGENERATED FILE. DO NOT EDIT THIS FILE DIRECTLY.
# yarn lockfile v1


"@apollo/client@^3.3.6":
  version "3.3.6"
  resolved "https://registry.npm.taobao.org/@apollo/client/download/@apollo/client-3.3.6.tgz#f359646308167f38d5bc498dfc2344c888400093"
  integrity sha1-81lkYwgWfzjVvEmN/CNEyIhAAJM=
  dependencies:
    "@graphql-typed-document-node/core" "^3.0.0"
    "@types/zen-observable" "^0.8.0"
    "@wry/context" "^0.5.2"
    "@wry/equality" "^0.3.0"
    fast-json-stable-stringify "^2.0.0"
    graphql-tag "^2.11.0"
    hoist-non-react-statics "^3.3.2"
    optimism "^0.13.1"
    prop-types "^15.7.2"
    symbol-observable "^2.0.0"
    ts-invariant "^0.6.0"
    tslib "^1.10.0"
    zen-observable "^0.8.14"

"@graphql-typed-document-node/core@^3.0.0":
  version "3.1.0"
  resolved "https://registry.npm.taobao.org/@graphql-typed-document-node/core/download/@graphql-typed-document-node/core-3.1.0.tgz#0eee6373e11418bfe0b5638f654df7a4ca6a3950"
  integrity sha1-Du5jc+EUGL/gtWOPZU33pMpqOVA=

"@types/ungap__global-this@^0.3.1":
  version "0.3.1"
  resolved "https://registry.npm.taobao.org/@types/ungap__global-this/download/@types/ungap__global-this-0.3.1.tgz#18ce9f657da556037a29d50604335614ce703f4c"
  integrity sha1-GM6fZX2lVgN6KdUGBDNWFM5wP0w=

"@types/zen-observable@^0.8.0":
  version "0.8.2"
  resolved "https://registry.npm.taobao.org/@types/zen-observable/download/@types/zen-observable-0.8.2.tgz?cache=0&sync_timestamp=1609155758937&other_urls=https%3A%2F%2Fregistry.npm.taobao.org%2F%40types%2Fzen-observable%2Fdownload%2F%40types%2Fzen-observable-0.8.2.tgz#808c9fa7e4517274ed555fa158f2de4b4f468e71"
  integrity sha1-gIyfp+RRcnTtVV+hWPLeS09GjnE=

"@ungap/global-this@^0.4.2":
  version "0.4.3"
  resolved "https://registry.npm.taobao.org/@ungap/global-this/download/@ungap/global-this-0.4.3.tgz?cache=0&sync_timestamp=1608868608439&other_urls=https%3A%2F%2Fregistry.npm.taobao.org%2F%40ungap%2Fglobal-this%2Fdownload%2F%40ungap%2Fglobal-this-0.4.3.tgz#44cb668b03e7c4bc88cb6e6f9329d381131878ee"
  integrity sha1-RMtmiwPnxLyIy25vkynTgRMYeO4=

"@wry/context@^0.5.2":
  version "0.5.3"
  resolved "https://registry.npm.taobao.org/@wry/context/download/@wry/context-0.5.3.tgz#537db8a5b51f98507dc38f869b3a48c672f48942"
  integrity sha1-U324pbUfmFB9w4+GmzpIxnL0iUI=
  dependencies:
    tslib "^1.14.1"

"@wry/equality@^0.3.0":
  version "0.3.1"
  resolved "https://registry.npm.taobao.org/@wry/equality/download/@wry/equality-0.3.1.tgz#81080cdc2e0d8265cd303faa0c64b38a77884e06"
  integrity sha1-gQgM3C4NgmXNMD+qDGSzineITgY=
  dependencies:
    tslib "^1.14.1"

fast-json-stable-stringify@^2.0.0:
  version "2.1.0"
  resolved "https://registry.npm.taobao.org/fast-json-stable-stringify/download/fast-json-stable-stringify-2.1.0.tgz#874bf69c6f404c2b5d99c481341399fd55892633"
  integrity sha1-h0v2nG9ATCtdmcSBNBOZ/VWJJjM=

graphql-tag@^2.11.0:
  version "2.11.0"
  resolved "https://registry.npm.taobao.org/graphql-tag/download/graphql-tag-2.11.0.tgz#1deb53a01c46a7eb401d6cb59dec86fa1cccbffd"
  integrity sha1-HetToBxGp+tAHWy1neyG+hzMv/0=

graphql@^15.4.0:
  version "15.4.0"
  resolved "https://registry.npm.taobao.org/graphql/download/graphql-15.4.0.tgz?cache=0&sync_timestamp=1603897145207&other_urls=https%3A%2F%2Fregistry.npm.taobao.org%2Fgraphql%2Fdownload%2Fgraphql-15.4.0.tgz#e459dea1150da5a106486ba7276518b5295a4347"
  integrity sha1-5FneoRUNpaEGSGunJ2UYtSlaQ0c=

hoist-non-react-statics@^3.3.2:
  version "3.3.2"
  resolved "https://registry.npm.taobao.org/hoist-non-react-statics/download/hoist-non-react-statics-3.3.2.tgz#ece0acaf71d62c2969c2ec59feff42a4b1a85b45"
  integrity sha1-7OCsr3HWLClpwuxZ/v9CpLGoW0U=
  dependencies:
    react-is "^16.7.0"

"js-tokens@^3.0.0 || ^4.0.0":
  version "4.0.0"
  resolved "https://registry.npm.taobao.org/js-tokens/download/js-tokens-4.0.0.tgz#19203fb59991df98e3a287050d4647cdeaf32499"
  integrity sha1-GSA/tZmR35jjoocFDUZHzerzJJk=

loose-envify@^1.4.0:
  version "1.4.0"
  resolved "https://registry.npm.taobao.org/loose-envify/download/loose-envify-1.4.0.tgz#71ee51fa7be4caec1a63839f7e682d8132d30caf"
  integrity sha1-ce5R+nvkyuwaY4OffmgtgTLTDK8=
  dependencies:
    js-tokens "^3.0.0 || ^4.0.0"

object-assign@^4.1.1:
  version "4.1.1"
  resolved "https://registry.npm.taobao.org/object-assign/download/object-assign-4.1.1.tgz?cache=0&sync_timestamp=1602657128410&other_urls=https%3A%2F%2Fregistry.npm.taobao.org%2Fobject-assign%2Fdownload%2Fobject-assign-4.1.1.tgz#2109adc7965887cfc05cbbd442cac8bfbb360863"
  integrity sha1-IQmtx5ZYh8/AXLvUQsrIv7s2CGM=

optimism@^0.13.1:
  version "0.13.2"
  resolved "https://registry.npm.taobao.org/optimism/download/optimism-0.13.2.tgz#002a438b69652bfe8f8754a4493ed35c2e9d9821"
  integrity sha1-ACpDi2llK/6Ph1SkST7TXC6dmCE=
  dependencies:
    "@wry/context" "^0.5.2"

prop-types@^15.7.2:
  version "15.7.2"
  resolved "https://registry.npm.taobao.org/prop-types/download/prop-types-15.7.2.tgz#52c41e75b8c87e72b9d9360e0206b99dcbffa6c5"
  integrity sha1-UsQedbjIfnK52TYOAga5ncv/psU=
  dependencies:
    loose-envify "^1.4.0"
    object-assign "^4.1.1"
    react-is "^16.8.1"

react-is@^16.7.0, react-is@^16.8.1:
  version "16.13.1"
  resolved "https://registry.npm.taobao.org/react-is/download/react-is-16.13.1.tgz?cache=0&sync_timestamp=1610380868622&other_urls=https%3A%2F%2Fregistry.npm.taobao.org%2Freact-is%2Fdownload%2Freact-is-16.13.1.tgz#789729a4dc36de2999dc156dd6c1d9c18cea56a4"
  integrity sha1-eJcppNw23imZ3BVt1sHZwYzqVqQ=

symbol-observable@^2.0.0:
  version "2.0.3"
  resolved "https://registry.npm.taobao.org/symbol-observable/download/symbol-observable-2.0.3.tgz?cache=0&sync_timestamp=1604338077306&other_urls=https%3A%2F%2Fregistry.npm.taobao.org%2Fsymbol-observable%2Fdownload%2Fsymbol-observable-2.0.3.tgz#5b521d3d07a43c351055fa43b8355b62d33fd16a"
  integrity sha1-W1IdPQekPDUQVfpDuDVbYtM/0Wo=

ts-invariant@^0.6.0:
  version "0.6.0"
  resolved "https://registry.npm.taobao.org/ts-invariant/download/ts-invariant-0.6.0.tgz#44066ecfeb7a806ff1c3b0b283408a337a885412"
  integrity sha1-RAZuz+t6gG/xw7Cyg0CKM3qIVBI=
  dependencies:
    "@types/ungap__global-this" "^0.3.1"
    "@ungap/global-this" "^0.4.2"
    tslib "^1.9.3"

tslib@^1.10.0, tslib@^1.14.1, tslib@^1.9.3:
  version "1.14.1"
  resolved "https://registry.npm.taobao.org/tslib/download/tslib-1.14.1.tgz?cache=0&sync_timestamp=1609887512458&other_urls=https%3A%2F%2Fregistry.npm.taobao.org%2Ftslib%2Fdownload%2Ftslib-1.14.1.tgz#cf2d38bdc34a134bcaf1091c41f6619e2f672d00"
  integrity sha1-zy04vcNKE0vK8QkcQfZhni9nLQA=

zen-observable@^0.8.14:
  version "0.8.15"
  resolved "https://registry.npm.taobao.org/zen-observable/download/zen-observable-0.8.15.tgz#96415c512d8e3ffd920afd3889604e30b9eaac15"
  integrity sha1-lkFcUS2OP/2SCv04iWBOMLnqrBU=
